// !$*UTF8*$!
{
	archiveVersion = 1;
	classes = {
	};
	objectVersion = 50;
	objects = {

/* Begin PBXBuildFile section */
		82359EF12417E84200FBC086 /* ServerAnswer.swift in Sources */ = {isa = PBXBuildFile; fileRef = 82359EF02417E84200FBC086 /* ServerAnswer.swift */; };
		82359EF42417E85C00FBC086 /* APIRequests.swift in Sources */ = {isa = PBXBuildFile; fileRef = 82359EF32417E85C00FBC086 /* APIRequests.swift */; };
		82359EF62417E87C00FBC086 /* Extensions.swift in Sources */ = {isa = PBXBuildFile; fileRef = 82359EF52417E87C00FBC086 /* Extensions.swift */; };
		82359EF82417E8A900FBC086 /* NotURLProtocol.swift in Sources */ = {isa = PBXBuildFile; fileRef = 82359EF72417E8A900FBC086 /* NotURLProtocol.swift */; };
		82359EFA2417E8C400FBC086 /* ENV.swift in Sources */ = {isa = PBXBuildFile; fileRef = 82359EF92417E8C400FBC086 /* ENV.swift */; };
		82359F022417F5B100FBC086 /* Person.swift in Sources */ = {isa = PBXBuildFile; fileRef = 82359F012417F5B100FBC086 /* Person.swift */; };
		82359F042417F5BC00FBC086 /* PersonHandler.swift in Sources */ = {isa = PBXBuildFile; fileRef = 82359F032417F5BC00FBC086 /* PersonHandler.swift */; };
		82359F07241800EE00FBC086 /* User.swift in Sources */ = {isa = PBXBuildFile; fileRef = 82359F06241800EE00FBC086 /* User.swift */; };
		82359F09241800F700FBC086 /* UserHandler.swift in Sources */ = {isa = PBXBuildFile; fileRef = 82359F08241800F700FBC086 /* UserHandler.swift */; };
		82359F0D2418030600FBC086 /* ImageHandler.swift in Sources */ = {isa = PBXBuildFile; fileRef = 82359F0C2418030600FBC086 /* ImageHandler.swift */; };
		82359F10241803B100FBC086 /* UIImageDownload.swift in Sources */ = {isa = PBXBuildFile; fileRef = 82359F0F241803B100FBC086 /* UIImageDownload.swift */; };
		82359F122418041700FBC086 /* Spinner.swift in Sources */ = {isa = PBXBuildFile; fileRef = 82359F112418041700FBC086 /* Spinner.swift */; };
		82359F152418049F00FBC086 /* LoginViewController.swift in Sources */ = {isa = PBXBuildFile; fileRef = 82359F142418049F00FBC086 /* LoginViewController.swift */; };
		82359F17241804AF00FBC086 /* RegisterUserViewController.swift in Sources */ = {isa = PBXBuildFile; fileRef = 82359F16241804AF00FBC086 /* RegisterUserViewController.swift */; };
		82359F1B241807C900FBC086 /* RegisterPersonViewController.swift in Sources */ = {isa = PBXBuildFile; fileRef = 82359F1A241807C900FBC086 /* RegisterPersonViewController.swift */; };
		8287FA0924183826005F69BF /* UserDefaults.swift in Sources */ = {isa = PBXBuildFile; fileRef = 8287FA0824183826005F69BF /* UserDefaults.swift */; };
		8287FA0D241838C7005F69BF /* UIAlert.swift in Sources */ = {isa = PBXBuildFile; fileRef = 8287FA0C241838C7005F69BF /* UIAlert.swift */; };
		8287FA10241869CC005F69BF /* CommonData.swift in Sources */ = {isa = PBXBuildFile; fileRef = 8287FA0F241869CC005F69BF /* CommonData.swift */; };
		82B83839240C8FB900E82929 /* AppDelegate.swift in Sources */ = {isa = PBXBuildFile; fileRef = 82B83838240C8FB900E82929 /* AppDelegate.swift */; };
		82B8383B240C8FB900E82929 /* SceneDelegate.swift in Sources */ = {isa = PBXBuildFile; fileRef = 82B8383A240C8FB900E82929 /* SceneDelegate.swift */; };
		82B8383D240C8FB900E82929 /* MainViewController.swift in Sources */ = {isa = PBXBuildFile; fileRef = 82B8383C240C8FB900E82929 /* MainViewController.swift */; };
		82B83840240C8FB900E82929 /* Main.storyboard in Resources */ = {isa = PBXBuildFile; fileRef = 82B8383E240C8FB900E82929 /* Main.storyboard */; };
		82B83842240C8FBD00E82929 /* Assets.xcassets in Resources */ = {isa = PBXBuildFile; fileRef = 82B83841240C8FBD00E82929 /* Assets.xcassets */; };
		82B83845240C8FBD00E82929 /* LaunchScreen.storyboard in Resources */ = {isa = PBXBuildFile; fileRef = 82B83843240C8FBD00E82929 /* LaunchScreen.storyboard */; };
		82B83850240C8FBD00E82929 /* petsTests.swift in Sources */ = {isa = PBXBuildFile; fileRef = 82B8384F240C8FBD00E82929 /* petsTests.swift */; };
		82B83864240C918E00E82929 /* Pets.xcdatamodeld in Sources */ = {isa = PBXBuildFile; fileRef = 82B83862240C918E00E82929 /* Pets.xcdatamodeld */; };
		82B83866240C928000E82929 /* GenericDAO.swift in Sources */ = {isa = PBXBuildFile; fileRef = 82B83865240C928000E82929 /* GenericDAO.swift */; };
		82B83868240C92A300E82929 /* PetDAO.swift in Sources */ = {isa = PBXBuildFile; fileRef = 82B83867240C92A300E82929 /* PetDAO.swift */; };
		82B8386B240C92DF00E82929 /* Pet.swift in Sources */ = {isa = PBXBuildFile; fileRef = 82B8386A240C92DF00E82929 /* Pet.swift */; };
		82B8386D240C92EA00E82929 /* PetHandler.swift in Sources */ = {isa = PBXBuildFile; fileRef = 82B8386C240C92EA00E82929 /* PetHandler.swift */; };
		82B8386F240C956300E82929 /* CoreDataManager.swift in Sources */ = {isa = PBXBuildFile; fileRef = 82B8386E240C956300E82929 /* CoreDataManager.swift */; };
		82B83874240C9AB800E82929 /* PetCreateViewController.swift in Sources */ = {isa = PBXBuildFile; fileRef = 82B83873240C9AB800E82929 /* PetCreateViewController.swift */; };
		82B8387A240CA43B00E82929 /* GenderDataSource.swift in Sources */ = {isa = PBXBuildFile; fileRef = 82B83879240CA43B00E82929 /* GenderDataSource.swift */; };
		82B8387C240CA44700E82929 /* GenderDelegate.swift in Sources */ = {isa = PBXBuildFile; fileRef = 82B8387B240CA44700E82929 /* GenderDelegate.swift */; };
		82B8387E240CA45200E82929 /* AgeDataSource.swift in Sources */ = {isa = PBXBuildFile; fileRef = 82B8387D240CA45200E82929 /* AgeDataSource.swift */; };
		82B83880240CA45B00E82929 /* AgeDelegate.swift in Sources */ = {isa = PBXBuildFile; fileRef = 82B8387F240CA45B00E82929 /* AgeDelegate.swift */; };
/* End PBXBuildFile section */

/* Begin PBXContainerItemProxy section */
		82B8384C240C8FBD00E82929 /* PBXContainerItemProxy */ = {
			isa = PBXContainerItemProxy;
			containerPortal = 82B8382D240C8FB900E82929 /* Project object */;
			proxyType = 1;
			remoteGlobalIDString = 82B83834240C8FB900E82929;
			remoteInfo = pets;
		};
/* End PBXContainerItemProxy section */

/* Begin PBXFileReference section */
		82359EF02417E84200FBC086 /* ServerAnswer.swift */ = {isa = PBXFileReference; lastKnownFileType = sourcecode.swift; path = ServerAnswer.swift; sourceTree = "<group>"; };
		82359EF32417E85C00FBC086 /* APIRequests.swift */ = {isa = PBXFileReference; lastKnownFileType = sourcecode.swift; path = APIRequests.swift; sourceTree = "<group>"; };
		82359EF52417E87C00FBC086 /* Extensions.swift */ = {isa = PBXFileReference; lastKnownFileType = sourcecode.swift; path = Extensions.swift; sourceTree = "<group>"; };
		82359EF72417E8A900FBC086 /* NotURLProtocol.swift */ = {isa = PBXFileReference; lastKnownFileType = sourcecode.swift; path = NotURLProtocol.swift; sourceTree = "<group>"; };
		82359EF92417E8C400FBC086 /* ENV.swift */ = {isa = PBXFileReference; lastKnownFileType = sourcecode.swift; path = ENV.swift; sourceTree = "<group>"; };
		82359F012417F5B100FBC086 /* Person.swift */ = {isa = PBXFileReference; lastKnownFileType = sourcecode.swift; path = Person.swift; sourceTree = "<group>"; };
		82359F032417F5BC00FBC086 /* PersonHandler.swift */ = {isa = PBXFileReference; lastKnownFileType = sourcecode.swift; path = PersonHandler.swift; sourceTree = "<group>"; };
		82359F06241800EE00FBC086 /* User.swift */ = {isa = PBXFileReference; lastKnownFileType = sourcecode.swift; path = User.swift; sourceTree = "<group>"; };
		82359F08241800F700FBC086 /* UserHandler.swift */ = {isa = PBXFileReference; lastKnownFileType = sourcecode.swift; path = UserHandler.swift; sourceTree = "<group>"; };
		82359F0C2418030600FBC086 /* ImageHandler.swift */ = {isa = PBXFileReference; lastKnownFileType = sourcecode.swift; path = ImageHandler.swift; sourceTree = "<group>"; };
		82359F0F241803B100FBC086 /* UIImageDownload.swift */ = {isa = PBXFileReference; lastKnownFileType = sourcecode.swift; path = UIImageDownload.swift; sourceTree = "<group>"; };
		82359F112418041700FBC086 /* Spinner.swift */ = {isa = PBXFileReference; lastKnownFileType = sourcecode.swift; path = Spinner.swift; sourceTree = "<group>"; };
		82359F142418049F00FBC086 /* LoginViewController.swift */ = {isa = PBXFileReference; lastKnownFileType = sourcecode.swift; path = LoginViewController.swift; sourceTree = "<group>"; };
		82359F16241804AF00FBC086 /* RegisterUserViewController.swift */ = {isa = PBXFileReference; lastKnownFileType = sourcecode.swift; path = RegisterUserViewController.swift; sourceTree = "<group>"; };
		82359F1A241807C900FBC086 /* RegisterPersonViewController.swift */ = {isa = PBXFileReference; lastKnownFileType = sourcecode.swift; path = RegisterPersonViewController.swift; sourceTree = "<group>"; };
		8287FA0824183826005F69BF /* UserDefaults.swift */ = {isa = PBXFileReference; lastKnownFileType = sourcecode.swift; path = UserDefaults.swift; sourceTree = "<group>"; };
		8287FA0C241838C7005F69BF /* UIAlert.swift */ = {isa = PBXFileReference; lastKnownFileType = sourcecode.swift; path = UIAlert.swift; sourceTree = "<group>"; };
		8287FA0F241869CC005F69BF /* CommonData.swift */ = {isa = PBXFileReference; lastKnownFileType = sourcecode.swift; path = CommonData.swift; sourceTree = "<group>"; };
		82B83835240C8FB900E82929 /* pets.app */ = {isa = PBXFileReference; explicitFileType = wrapper.application; includeInIndex = 0; path = pets.app; sourceTree = BUILT_PRODUCTS_DIR; };
		82B83838240C8FB900E82929 /* AppDelegate.swift */ = {isa = PBXFileReference; lastKnownFileType = sourcecode.swift; path = AppDelegate.swift; sourceTree = "<group>"; };
		82B8383A240C8FB900E82929 /* SceneDelegate.swift */ = {isa = PBXFileReference; lastKnownFileType = sourcecode.swift; path = SceneDelegate.swift; sourceTree = "<group>"; };
		82B8383C240C8FB900E82929 /* MainViewController.swift */ = {isa = PBXFileReference; lastKnownFileType = sourcecode.swift; path = MainViewController.swift; sourceTree = "<group>"; };
		82B8383F240C8FB900E82929 /* Base */ = {isa = PBXFileReference; lastKnownFileType = file.storyboard; name = Base; path = Base.lproj/Main.storyboard; sourceTree = "<group>"; };
		82B83841240C8FBD00E82929 /* Assets.xcassets */ = {isa = PBXFileReference; lastKnownFileType = folder.assetcatalog; path = Assets.xcassets; sourceTree = "<group>"; };
		82B83844240C8FBD00E82929 /* Base */ = {isa = PBXFileReference; lastKnownFileType = file.storyboard; name = Base; path = Base.lproj/LaunchScreen.storyboard; sourceTree = "<group>"; };
		82B83846240C8FBD00E82929 /* Info.plist */ = {isa = PBXFileReference; lastKnownFileType = text.plist.xml; path = Info.plist; sourceTree = "<group>"; };
		82B8384B240C8FBD00E82929 /* petsTests.xctest */ = {isa = PBXFileReference; explicitFileType = wrapper.cfbundle; includeInIndex = 0; path = petsTests.xctest; sourceTree = BUILT_PRODUCTS_DIR; };
		82B8384F240C8FBD00E82929 /* petsTests.swift */ = {isa = PBXFileReference; lastKnownFileType = sourcecode.swift; path = petsTests.swift; sourceTree = "<group>"; };
		82B83851240C8FBD00E82929 /* Info.plist */ = {isa = PBXFileReference; lastKnownFileType = text.plist.xml; path = Info.plist; sourceTree = "<group>"; };
		82B83863240C918E00E82929 /* Pets.xcdatamodel */ = {isa = PBXFileReference; lastKnownFileType = wrapper.xcdatamodel; path = Pets.xcdatamodel; sourceTree = "<group>"; };
		82B83865240C928000E82929 /* GenericDAO.swift */ = {isa = PBXFileReference; lastKnownFileType = sourcecode.swift; path = GenericDAO.swift; sourceTree = "<group>"; };
		82B83867240C92A300E82929 /* PetDAO.swift */ = {isa = PBXFileReference; lastKnownFileType = sourcecode.swift; path = PetDAO.swift; sourceTree = "<group>"; };
		82B8386A240C92DF00E82929 /* Pet.swift */ = {isa = PBXFileReference; lastKnownFileType = sourcecode.swift; path = Pet.swift; sourceTree = "<group>"; };
		82B8386C240C92EA00E82929 /* PetHandler.swift */ = {isa = PBXFileReference; lastKnownFileType = sourcecode.swift; path = PetHandler.swift; sourceTree = "<group>"; };
		82B8386E240C956300E82929 /* CoreDataManager.swift */ = {isa = PBXFileReference; lastKnownFileType = sourcecode.swift; path = CoreDataManager.swift; sourceTree = "<group>"; };
		82B83873240C9AB800E82929 /* PetCreateViewController.swift */ = {isa = PBXFileReference; lastKnownFileType = sourcecode.swift; path = PetCreateViewController.swift; sourceTree = "<group>"; };
		82B83879240CA43B00E82929 /* GenderDataSource.swift */ = {isa = PBXFileReference; lastKnownFileType = sourcecode.swift; path = GenderDataSource.swift; sourceTree = "<group>"; };
		82B8387B240CA44700E82929 /* GenderDelegate.swift */ = {isa = PBXFileReference; lastKnownFileType = sourcecode.swift; path = GenderDelegate.swift; sourceTree = "<group>"; };
		82B8387D240CA45200E82929 /* AgeDataSource.swift */ = {isa = PBXFileReference; lastKnownFileType = sourcecode.swift; path = AgeDataSource.swift; sourceTree = "<group>"; };
		82B8387F240CA45B00E82929 /* AgeDelegate.swift */ = {isa = PBXFileReference; lastKnownFileType = sourcecode.swift; path = AgeDelegate.swift; sourceTree = "<group>"; };
/* End PBXFileReference section */

/* Begin PBXFrameworksBuildPhase section */
		82B83832240C8FB900E82929 /* Frameworks */ = {
			isa = PBXFrameworksBuildPhase;
			buildActionMask = 2147483647;
			files = (
			);
			runOnlyForDeploymentPostprocessing = 0;
		};
		82B83848240C8FBD00E82929 /* Frameworks */ = {
			isa = PBXFrameworksBuildPhase;
			buildActionMask = 2147483647;
			files = (
			);
			runOnlyForDeploymentPostprocessing = 0;
		};
/* End PBXFrameworksBuildPhase section */

/* Begin PBXGroup section */
		82359EEE2417E81F00FBC086 /* Server */ = {
			isa = PBXGroup;
			children = (
				82359EF22417E84F00FBC086 /* API */,
				82359EEF2417E83900FBC086 /* ServerAnswer */,
			);
			path = Server;
			sourceTree = "<group>";
		};
		82359EEF2417E83900FBC086 /* ServerAnswer */ = {
			isa = PBXGroup;
			children = (
				82359EF02417E84200FBC086 /* ServerAnswer.swift */,
			);
			path = ServerAnswer;
			sourceTree = "<group>";
		};
		82359EF22417E84F00FBC086 /* API */ = {
			isa = PBXGroup;
			children = (
				82359EF32417E85C00FBC086 /* APIRequests.swift */,
				82359EF52417E87C00FBC086 /* Extensions.swift */,
				82359EF72417E8A900FBC086 /* NotURLProtocol.swift */,
			);
			path = API;
			sourceTree = "<group>";
		};
		82359EFB2417E8F000FBC086 /* ENV */ = {
			isa = PBXGroup;
			children = (
				82359EF92417E8C400FBC086 /* ENV.swift */,
			);
			path = ENV;
			sourceTree = "<group>";
		};
		82359EFC2417EA8E00FBC086 /* Pet */ = {
			isa = PBXGroup;
			children = (
				82B83867240C92A300E82929 /* PetDAO.swift */,
			);
			path = Pet;
			sourceTree = "<group>";
		};
		82359F002417F59E00FBC086 /* Person */ = {
			isa = PBXGroup;
			children = (
				82359F012417F5B100FBC086 /* Person.swift */,
				82359F032417F5BC00FBC086 /* PersonHandler.swift */,
			);
			path = Person;
			sourceTree = "<group>";
		};
		82359F05241800E100FBC086 /* User */ = {
			isa = PBXGroup;
			children = (
				82359F06241800EE00FBC086 /* User.swift */,
				82359F08241800F700FBC086 /* UserHandler.swift */,
			);
			path = User;
			sourceTree = "<group>";
		};
		82359F0A2418016A00FBC086 /* Models */ = {
			isa = PBXGroup;
			children = (
				82359F05241800E100FBC086 /* User */,
				82359F002417F59E00FBC086 /* Person */,
				82B83869240C92D200E82929 /* Pet */,
			);
			path = Models;
			sourceTree = "<group>";
		};
		82359F0B241802FB00FBC086 /* Image */ = {
			isa = PBXGroup;
			children = (
				82359F0C2418030600FBC086 /* ImageHandler.swift */,
			);
			path = Image;
			sourceTree = "<group>";
		};
		82359F0E241803A200FBC086 /* Extension */ = {
			isa = PBXGroup;
			children = (
				82359F0F241803B100FBC086 /* UIImageDownload.swift */,
				82359F112418041700FBC086 /* Spinner.swift */,
			);
			path = Extension;
			sourceTree = "<group>";
		};
		82359F132418048B00FBC086 /* User */ = {
			isa = PBXGroup;
			children = (
				82359F18241804B700FBC086 /* Login */,
				82359F19241804BF00FBC086 /* Register */,
			);
			path = User;
			sourceTree = "<group>";
		};
		82359F18241804B700FBC086 /* Login */ = {
			isa = PBXGroup;
			children = (
				82359F142418049F00FBC086 /* LoginViewController.swift */,
			);
			path = Login;
			sourceTree = "<group>";
		};
		82359F19241804BF00FBC086 /* Register */ = {
			isa = PBXGroup;
			children = (
				82359F16241804AF00FBC086 /* RegisterUserViewController.swift */,
				82359F1A241807C900FBC086 /* RegisterPersonViewController.swift */,
			);
			path = Register;
			sourceTree = "<group>";
		};
		8287FA0724183818005F69BF /* Ultils */ = {
			isa = PBXGroup;
			children = (
				8287FA0824183826005F69BF /* UserDefaults.swift */,
				8287FA0C241838C7005F69BF /* UIAlert.swift */,
			);
			path = Ultils;
			sourceTree = "<group>";
		};
		8287FA0E241869B7005F69BF /* Manager */ = {
			isa = PBXGroup;
			children = (
				8287FA0F241869CC005F69BF /* CommonData.swift */,
			);
			path = Manager;
			sourceTree = "<group>";
		};
		82B8382C240C8FB900E82929 = {
			isa = PBXGroup;
			children = (
				82B83837240C8FB900E82929 /* pets */,
				82B8384E240C8FBD00E82929 /* petsTests */,
				82B83836240C8FB900E82929 /* Products */,
			);
			sourceTree = "<group>";
		};
		82B83836240C8FB900E82929 /* Products */ = {
			isa = PBXGroup;
			children = (
				82B83835240C8FB900E82929 /* pets.app */,
				82B8384B240C8FBD00E82929 /* petsTests.xctest */,
			);
			name = Products;
			sourceTree = "<group>";
		};
		82B83837240C8FB900E82929 /* pets */ = {
			isa = PBXGroup;
			children = (
				8287FA0E241869B7005F69BF /* Manager */,
				8287FA0724183818005F69BF /* Ultils */,
				82359F0E241803A200FBC086 /* Extension */,
				82B8385A240C8FC500E82929 /* Delegate */,
				82B8385E240C902300E82929 /* Model */,
				82B8385D240C8FDE00E82929 /* Controller */,
				82B8385C240C8FD800E82929 /* View */,
				82B83841240C8FBD00E82929 /* Assets.xcassets */,
				82B83846240C8FBD00E82929 /* Info.plist */,
			);
			path = pets;
			sourceTree = "<group>";
		};
		82B8384E240C8FBD00E82929 /* petsTests */ = {
			isa = PBXGroup;
			children = (
				82B8384F240C8FBD00E82929 /* petsTests.swift */,
				82B83851240C8FBD00E82929 /* Info.plist */,
			);
			path = petsTests;
			sourceTree = "<group>";
		};
		82B8385A240C8FC500E82929 /* Delegate */ = {
			isa = PBXGroup;
			children = (
				82B83838240C8FB900E82929 /* AppDelegate.swift */,
				82B8383A240C8FB900E82929 /* SceneDelegate.swift */,
			);
			path = Delegate;
			sourceTree = "<group>";
		};
		82B8385B240C8FCB00E82929 /* Storyboard */ = {
			isa = PBXGroup;
			children = (
				82B8383E240C8FB900E82929 /* Main.storyboard */,
				82B83843240C8FBD00E82929 /* LaunchScreen.storyboard */,
			);
			path = Storyboard;
			sourceTree = "<group>";
		};
		82B8385C240C8FD800E82929 /* View */ = {
			isa = PBXGroup;
			children = (
				82B8385B240C8FCB00E82929 /* Storyboard */,
			);
			path = View;
			sourceTree = "<group>";
		};
		82B8385D240C8FDE00E82929 /* Controller */ = {
			isa = PBXGroup;
			children = (
				82359F132418048B00FBC086 /* User */,
				82B83871240C9A9B00E82929 /* Pets */,
				82B83875240C9AF600E82929 /* Main */,
			);
			path = Controller;
			sourceTree = "<group>";
		};
		82B8385E240C902300E82929 /* Model */ = {
			isa = PBXGroup;
			children = (
				82359F0B241802FB00FBC086 /* Image */,
				82359F0A2418016A00FBC086 /* Models */,
				82359EFB2417E8F000FBC086 /* ENV */,
				82359EEE2417E81F00FBC086 /* Server */,
				82B83861240C914D00E82929 /* Data */,
				82B8385F240C912000E82929 /* Persistence */,
			);
			path = Model;
			sourceTree = "<group>";
		};
		82B8385F240C912000E82929 /* Persistence */ = {
			isa = PBXGroup;
			children = (
				82B83860240C913300E82929 /* DAO */,
				82B83870240C956800E82929 /* CoreData */,
			);
			path = Persistence;
			sourceTree = "<group>";
		};
		82B83860240C913300E82929 /* DAO */ = {
			isa = PBXGroup;
			children = (
				82B83865240C928000E82929 /* GenericDAO.swift */,
				82359EFC2417EA8E00FBC086 /* Pet */,
			);
			path = DAO;
			sourceTree = "<group>";
		};
		82B83861240C914D00E82929 /* Data */ = {
			isa = PBXGroup;
			children = (
				82B83862240C918E00E82929 /* Pets.xcdatamodeld */,
			);
			path = Data;
			sourceTree = "<group>";
		};
		82B83869240C92D200E82929 /* Pet */ = {
			isa = PBXGroup;
			children = (
				82B8386A240C92DF00E82929 /* Pet.swift */,
				82B8386C240C92EA00E82929 /* PetHandler.swift */,
			);
			path = Pet;
			sourceTree = "<group>";
		};
		82B83870240C956800E82929 /* CoreData */ = {
			isa = PBXGroup;
			children = (
				82B8386E240C956300E82929 /* CoreDataManager.swift */,
			);
			path = CoreData;
			sourceTree = "<group>";
		};
		82B83871240C9A9B00E82929 /* Pets */ = {
			isa = PBXGroup;
			children = (
				82B83872240C9AA600E82929 /* Create */,
			);
			path = Pets;
			sourceTree = "<group>";
		};
		82B83872240C9AA600E82929 /* Create */ = {
			isa = PBXGroup;
			children = (
				82B83876240CA41300E82929 /* Components */,
				82B83873240C9AB800E82929 /* PetCreateViewController.swift */,
			);
			path = Create;
			sourceTree = "<group>";
		};
		82B83875240C9AF600E82929 /* Main */ = {
			isa = PBXGroup;
			children = (
				82B8383C240C8FB900E82929 /* MainViewController.swift */,
			);
			path = Main;
			sourceTree = "<group>";
		};
		82B83876240CA41300E82929 /* Components */ = {
			isa = PBXGroup;
			children = (
				82B83878240CA42000E82929 /* Gender */,
				82B83877240CA41B00E82929 /* Age */,
			);
			path = Components;
			sourceTree = "<group>";
		};
		82B83877240CA41B00E82929 /* Age */ = {
			isa = PBXGroup;
			children = (
				82B8387D240CA45200E82929 /* AgeDataSource.swift */,
				82B8387F240CA45B00E82929 /* AgeDelegate.swift */,
			);
			path = Age;
			sourceTree = "<group>";
		};
		82B83878240CA42000E82929 /* Gender */ = {
			isa = PBXGroup;
			children = (
				82B83879240CA43B00E82929 /* GenderDataSource.swift */,
				82B8387B240CA44700E82929 /* GenderDelegate.swift */,
			);
			path = Gender;
			sourceTree = "<group>";
		};
/* End PBXGroup section */

/* Begin PBXNativeTarget section */
		82B83834240C8FB900E82929 /* pets */ = {
			isa = PBXNativeTarget;
			buildConfigurationList = 82B83854240C8FBD00E82929 /* Build configuration list for PBXNativeTarget "pets" */;
			buildPhases = (
				82B83831240C8FB900E82929 /* Sources */,
				82B83832240C8FB900E82929 /* Frameworks */,
				82B83833240C8FB900E82929 /* Resources */,
			);
			buildRules = (
			);
			dependencies = (
			);
			name = pets;
			productName = pets;
			productReference = 82B83835240C8FB900E82929 /* pets.app */;
			productType = "com.apple.product-type.application";
		};
		82B8384A240C8FBD00E82929 /* petsTests */ = {
			isa = PBXNativeTarget;
			buildConfigurationList = 82B83857240C8FBD00E82929 /* Build configuration list for PBXNativeTarget "petsTests" */;
			buildPhases = (
				82B83847240C8FBD00E82929 /* Sources */,
				82B83848240C8FBD00E82929 /* Frameworks */,
				82B83849240C8FBD00E82929 /* Resources */,
			);
			buildRules = (
			);
			dependencies = (
				82B8384D240C8FBD00E82929 /* PBXTargetDependency */,
			);
			name = petsTests;
			productName = petsTests;
			productReference = 82B8384B240C8FBD00E82929 /* petsTests.xctest */;
			productType = "com.apple.product-type.bundle.unit-test";
		};
/* End PBXNativeTarget section */

/* Begin PBXProject section */
		82B8382D240C8FB900E82929 /* Project object */ = {
			isa = PBXProject;
			attributes = {
				LastSwiftUpdateCheck = 1130;
				LastUpgradeCheck = 1130;
				ORGANIZATIONNAME = "Matheus Gois";
				TargetAttributes = {
					82B83834240C8FB900E82929 = {
						CreatedOnToolsVersion = 11.3.1;
					};
					82B8384A240C8FBD00E82929 = {
						CreatedOnToolsVersion = 11.3.1;
						TestTargetID = 82B83834240C8FB900E82929;
					};
				};
			};
			buildConfigurationList = 82B83830240C8FB900E82929 /* Build configuration list for PBXProject "pets" */;
			compatibilityVersion = "Xcode 9.3";
			developmentRegion = en;
			hasScannedForEncodings = 0;
			knownRegions = (
				en,
				Base,
			);
			mainGroup = 82B8382C240C8FB900E82929;
			productRefGroup = 82B83836240C8FB900E82929 /* Products */;
			projectDirPath = "";
			projectRoot = "";
			targets = (
				82B83834240C8FB900E82929 /* pets */,
				82B8384A240C8FBD00E82929 /* petsTests */,
			);
		};
/* End PBXProject section */

/* Begin PBXResourcesBuildPhase section */
		82B83833240C8FB900E82929 /* Resources */ = {
			isa = PBXResourcesBuildPhase;
			buildActionMask = 2147483647;
			files = (
				82B83845240C8FBD00E82929 /* LaunchScreen.storyboard in Resources */,
				82B83842240C8FBD00E82929 /* Assets.xcassets in Resources */,
				82B83840240C8FB900E82929 /* Main.storyboard in Resources */,
			);
			runOnlyForDeploymentPostprocessing = 0;
		};
		82B83849240C8FBD00E82929 /* Resources */ = {
			isa = PBXResourcesBuildPhase;
			buildActionMask = 2147483647;
			files = (
			);
			runOnlyForDeploymentPostprocessing = 0;
		};
/* End PBXResourcesBuildPhase section */

/* Begin PBXSourcesBuildPhase section */
		82B83831240C8FB900E82929 /* Sources */ = {
			isa = PBXSourcesBuildPhase;
			buildActionMask = 2147483647;
			files = (
				82359F152418049F00FBC086 /* LoginViewController.swift in Sources */,
				82B83874240C9AB800E82929 /* PetCreateViewController.swift in Sources */,
				82B8387E240CA45200E82929 /* AgeDataSource.swift in Sources */,
				82359EF42417E85C00FBC086 /* APIRequests.swift in Sources */,
				82B8386B240C92DF00E82929 /* Pet.swift in Sources */,
				82B8383D240C8FB900E82929 /* MainViewController.swift in Sources */,
				82B8386D240C92EA00E82929 /* PetHandler.swift in Sources */,
				82B83864240C918E00E82929 /* Pets.xcdatamodeld in Sources */,
				82B83839240C8FB900E82929 /* AppDelegate.swift in Sources */,
				82359F022417F5B100FBC086 /* Person.swift in Sources */,
				82B83866240C928000E82929 /* GenericDAO.swift in Sources */,
				82359F10241803B100FBC086 /* UIImageDownload.swift in Sources */,
				82359F07241800EE00FBC086 /* User.swift in Sources */,
				82B8387C240CA44700E82929 /* GenderDelegate.swift in Sources */,
				8287FA10241869CC005F69BF /* CommonData.swift in Sources */,
				82B8387A240CA43B00E82929 /* GenderDataSource.swift in Sources */,
				82359F09241800F700FBC086 /* UserHandler.swift in Sources */,
				82359EF82417E8A900FBC086 /* NotURLProtocol.swift in Sources */,
				82359EFA2417E8C400FBC086 /* ENV.swift in Sources */,
				82359F122418041700FBC086 /* Spinner.swift in Sources */,
				82B8386F240C956300E82929 /* CoreDataManager.swift in Sources */,
				82B83868240C92A300E82929 /* PetDAO.swift in Sources */,
				82359F042417F5BC00FBC086 /* PersonHandler.swift in Sources */,
				82B83880240CA45B00E82929 /* AgeDelegate.swift in Sources */,
				8287FA0D241838C7005F69BF /* UIAlert.swift in Sources */,
				82359F17241804AF00FBC086 /* RegisterUserViewController.swift in Sources */,
				82359EF62417E87C00FBC086 /* Extensions.swift in Sources */,
				82359EF12417E84200FBC086 /* ServerAnswer.swift in Sources */,
				8287FA0924183826005F69BF /* UserDefaults.swift in Sources */,
				82359F1B241807C900FBC086 /* RegisterPersonViewController.swift in Sources */,
				82359F0D2418030600FBC086 /* ImageHandler.swift in Sources */,
				82B8383B240C8FB900E82929 /* SceneDelegate.swift in Sources */,
			);
			runOnlyForDeploymentPostprocessing = 0;
		};
		82B83847240C8FBD00E82929 /* Sources */ = {
			isa = PBXSourcesBuildPhase;
			buildActionMask = 2147483647;
			files = (
				82B83850240C8FBD00E82929 /* petsTests.swift in Sources */,
			);
			runOnlyForDeploymentPostprocessing = 0;
		};
/* End PBXSourcesBuildPhase section */

/* Begin PBXTargetDependency section */
		82B8384D240C8FBD00E82929 /* PBXTargetDependency */ = {
			isa = PBXTargetDependency;
			target = 82B83834240C8FB900E82929 /* pets */;
			targetProxy = 82B8384C240C8FBD00E82929 /* PBXContainerItemProxy */;
		};
/* End PBXTargetDependency section */

/* Begin PBXVariantGroup section */
		82B8383E240C8FB900E82929 /* Main.storyboard */ = {
			isa = PBXVariantGroup;
			children = (
				82B8383F240C8FB900E82929 /* Base */,
			);
			name = Main.storyboard;
			sourceTree = "<group>";
		};
		82B83843240C8FBD00E82929 /* LaunchScreen.storyboard */ = {
			isa = PBXVariantGroup;
			children = (
				82B83844240C8FBD00E82929 /* Base */,
			);
			name = LaunchScreen.storyboard;
			sourceTree = "<group>";
		};
/* End PBXVariantGroup section */

/* Begin XCBuildConfiguration section */
		82B83852240C8FBD00E82929 /* Debug */ = {
			isa = XCBuildConfiguration;
			buildSettings = {
				ALWAYS_SEARCH_USER_PATHS = NO;
				CLANG_ANALYZER_NONNULL = YES;
				CLANG_ANALYZER_NUMBER_OBJECT_CONVERSION = YES_AGGRESSIVE;
				CLANG_CXX_LANGUAGE_STANDARD = "gnu++14";
				CLANG_CXX_LIBRARY = "libc++";
				CLANG_ENABLE_MODULES = YES;
				CLANG_ENABLE_OBJC_ARC = YES;
				CLANG_ENABLE_OBJC_WEAK = YES;
				CLANG_WARN_BLOCK_CAPTURE_AUTORELEASING = YES;
				CLANG_WARN_BOOL_CONVERSION = YES;
				CLANG_WARN_COMMA = YES;
				CLANG_WARN_CONSTANT_CONVERSION = YES;
				CLANG_WARN_DEPRECATED_OBJC_IMPLEMENTATIONS = YES;
				CLANG_WARN_DIRECT_OBJC_ISA_USAGE = YES_ERROR;
				CLANG_WARN_DOCUMENTATION_COMMENTS = YES;
				CLANG_WARN_EMPTY_BODY = YES;
				CLANG_WARN_ENUM_CONVERSION = YES;
				CLANG_WARN_INFINITE_RECURSION = YES;
				CLANG_WARN_INT_CONVERSION = YES;
				CLANG_WARN_NON_LITERAL_NULL_CONVERSION = YES;
				CLANG_WARN_OBJC_IMPLICIT_RETAIN_SELF = YES;
				CLANG_WARN_OBJC_LITERAL_CONVERSION = YES;
				CLANG_WARN_OBJC_ROOT_CLASS = YES_ERROR;
				CLANG_WARN_RANGE_LOOP_ANALYSIS = YES;
				CLANG_WARN_STRICT_PROTOTYPES = YES;
				CLANG_WARN_SUSPICIOUS_MOVE = YES;
				CLANG_WARN_UNGUARDED_AVAILABILITY = YES_AGGRESSIVE;
				CLANG_WARN_UNREACHABLE_CODE = YES;
				CLANG_WARN__DUPLICATE_METHOD_MATCH = YES;
				COPY_PHASE_STRIP = NO;
				DEBUG_INFORMATION_FORMAT = dwarf;
				ENABLE_STRICT_OBJC_MSGSEND = YES;
				ENABLE_TESTABILITY = YES;
				GCC_C_LANGUAGE_STANDARD = gnu11;
				GCC_DYNAMIC_NO_PIC = NO;
				GCC_NO_COMMON_BLOCKS = YES;
				GCC_OPTIMIZATION_LEVEL = 0;
				GCC_PREPROCESSOR_DEFINITIONS = (
					"DEBUG=1",
					"$(inherited)",
				);
				GCC_WARN_64_TO_32_BIT_CONVERSION = YES;
				GCC_WARN_ABOUT_RETURN_TYPE = YES_ERROR;
				GCC_WARN_UNDECLARED_SELECTOR = YES;
				GCC_WARN_UNINITIALIZED_AUTOS = YES_AGGRESSIVE;
				GCC_WARN_UNUSED_FUNCTION = YES;
				GCC_WARN_UNUSED_VARIABLE = YES;
				IPHONEOS_DEPLOYMENT_TARGET = 13.2;
				MTL_ENABLE_DEBUG_INFO = INCLUDE_SOURCE;
				MTL_FAST_MATH = YES;
				ONLY_ACTIVE_ARCH = YES;
				SDKROOT = iphoneos;
				SWIFT_ACTIVE_COMPILATION_CONDITIONS = DEBUG;
				SWIFT_OPTIMIZATION_LEVEL = "-Onone";
			};
			name = Debug;
		};
		82B83853240C8FBD00E82929 /* Release */ = {
			isa = XCBuildConfiguration;
			buildSettings = {
				ALWAYS_SEARCH_USER_PATHS = NO;
				CLANG_ANALYZER_NONNULL = YES;
				CLANG_ANALYZER_NUMBER_OBJECT_CONVERSION = YES_AGGRESSIVE;
				CLANG_CXX_LANGUAGE_STANDARD = "gnu++14";
				CLANG_CXX_LIBRARY = "libc++";
				CLANG_ENABLE_MODULES = YES;
				CLANG_ENABLE_OBJC_ARC = YES;
				CLANG_ENABLE_OBJC_WEAK = YES;
				CLANG_WARN_BLOCK_CAPTURE_AUTORELEASING = YES;
				CLANG_WARN_BOOL_CONVERSION = YES;
				CLANG_WARN_COMMA = YES;
				CLANG_WARN_CONSTANT_CONVERSION = YES;
				CLANG_WARN_DEPRECATED_OBJC_IMPLEMENTATIONS = YES;
				CLANG_WARN_DIRECT_OBJC_ISA_USAGE = YES_ERROR;
				CLANG_WARN_DOCUMENTATION_COMMENTS = YES;
				CLANG_WARN_EMPTY_BODY = YES;
				CLANG_WARN_ENUM_CONVERSION = YES;
				CLANG_WARN_INFINITE_RECURSION = YES;
				CLANG_WARN_INT_CONVERSION = YES;
				CLANG_WARN_NON_LITERAL_NULL_CONVERSION = YES;
				CLANG_WARN_OBJC_IMPLICIT_RETAIN_SELF = YES;
				CLANG_WARN_OBJC_LITERAL_CONVERSION = YES;
				CLANG_WARN_OBJC_ROOT_CLASS = YES_ERROR;
				CLANG_WARN_RANGE_LOOP_ANALYSIS = YES;
				CLANG_WARN_STRICT_PROTOTYPES = YES;
				CLANG_WARN_SUSPICIOUS_MOVE = YES;
				CLANG_WARN_UNGUARDED_AVAILABILITY = YES_AGGRESSIVE;
				CLANG_WARN_UNREACHABLE_CODE = YES;
				CLANG_WARN__DUPLICATE_METHOD_MATCH = YES;
				COPY_PHASE_STRIP = NO;
				DEBUG_INFORMATION_FORMAT = "dwarf-with-dsym";
				ENABLE_NS_ASSERTIONS = NO;
				ENABLE_STRICT_OBJC_MSGSEND = YES;
				GCC_C_LANGUAGE_STANDARD = gnu11;
				GCC_NO_COMMON_BLOCKS = YES;
				GCC_WARN_64_TO_32_BIT_CONVERSION = YES;
				GCC_WARN_ABOUT_RETURN_TYPE = YES_ERROR;
				GCC_WARN_UNDECLARED_SELECTOR = YES;
				GCC_WARN_UNINITIALIZED_AUTOS = YES_AGGRESSIVE;
				GCC_WARN_UNUSED_FUNCTION = YES;
				GCC_WARN_UNUSED_VARIABLE = YES;
				IPHONEOS_DEPLOYMENT_TARGET = 13.2;
				MTL_ENABLE_DEBUG_INFO = NO;
				MTL_FAST_MATH = YES;
				SDKROOT = iphoneos;
				SWIFT_COMPILATION_MODE = wholemodule;
				SWIFT_OPTIMIZATION_LEVEL = "-O";
				VALIDATE_PRODUCT = YES;
			};
			name = Release;
		};
		82B83855240C8FBD00E82929 /* Debug */ = {
			isa = XCBuildConfiguration;
			buildSettings = {
				ASSETCATALOG_COMPILER_APPICON_NAME = AppIcon;
				CODE_SIGN_STYLE = Automatic;
				DEVELOPMENT_TEAM = CTAFH43K36;
				INFOPLIST_FILE = pets/Info.plist;
				LD_RUNPATH_SEARCH_PATHS = (
					"$(inherited)",
					"@executable_path/Frameworks",
				);
				PRODUCT_BUNDLE_IDENTIFIER = maathuesgois.pets;
				PRODUCT_NAME = "$(TARGET_NAME)";
				SWIFT_VERSION = 5.0;
				TARGETED_DEVICE_FAMILY = "1,2";
			};
			name = Debug;
		};
		82B83856240C8FBD00E82929 /* Release */ = {
			isa = XCBuildConfiguration;
			buildSettings = {
				ASSETCATALOG_COMPILER_APPICON_NAME = AppIcon;
				CODE_SIGN_STYLE = Automatic;
				DEVELOPMENT_TEAM = CTAFH43K36;
				INFOPLIST_FILE = pets/Info.plist;
				LD_RUNPATH_SEARCH_PATHS = (
					"$(inherited)",
					"@executable_path/Frameworks",
				);
				PRODUCT_BUNDLE_IDENTIFIER = maathuesgois.pets;
				PRODUCT_NAME = "$(TARGET_NAME)";
				SWIFT_VERSION = 5.0;
				TARGETED_DEVICE_FAMILY = "1,2";
			};
			name = Release;
		};
		82B83858240C8FBD00E82929 /* Debug */ = {
			isa = XCBuildConfiguration;
			buildSettings = {
				ALWAYS_EMBED_SWIFT_STANDARD_LIBRARIES = YES;
				BUNDLE_LOADER = "$(TEST_HOST)";
				CODE_SIGN_STYLE = Automatic;
				DEVELOPMENT_TEAM = CTAFH43K36;
				INFOPLIST_FILE = petsTests/Info.plist;
				IPHONEOS_DEPLOYMENT_TARGET = 13.2;
				LD_RUNPATH_SEARCH_PATHS = (
					"$(inherited)",
					"@executable_path/Frameworks",
					"@loader_path/Frameworks",
				);
				PRODUCT_BUNDLE_IDENTIFIER = maathuesgois.petsTests;
				PRODUCT_NAME = "$(TARGET_NAME)";
				SWIFT_VERSION = 5.0;
				TARGETED_DEVICE_FAMILY = "1,2";
				TEST_HOST = "$(BUILT_PRODUCTS_DIR)/pets.app/pets";
			};
			name = Debug;
		};
		82B83859240C8FBD00E82929 /* Release */ = {
			isa = XCBuildConfiguration;
			buildSettings = {
				ALWAYS_EMBED_SWIFT_STANDARD_LIBRARIES = YES;
				BUNDLE_LOADER = "$(TEST_HOST)";
				CODE_SIGN_STYLE = Automatic;
				DEVELOPMENT_TEAM = CTAFH43K36;
				INFOPLIST_FILE = petsTests/Info.plist;
				IPHONEOS_DEPLOYMENT_TARGET = 13.2;
				LD_RUNPATH_SEARCH_PATHS = (
					"$(inherited)",
					"@executable_path/Frameworks",
					"@loader_path/Frameworks",
				);
				PRODUCT_BUNDLE_IDENTIFIER = maathuesgois.petsTests;
				PRODUCT_NAME = "$(TARGET_NAME)";
				SWIFT_VERSION = 5.0;
				TARGETED_DEVICE_FAMILY = "1,2";
				TEST_HOST = "$(BUILT_PRODUCTS_DIR)/pets.app/pets";
			};
			name = Release;
		};
/* End XCBuildConfiguration section */

/* Begin XCConfigurationList section */
		82B83830240C8FB900E82929 /* Build configuration list for PBXProject "pets" */ = {
			isa = XCConfigurationList;
			buildConfigurations = (
				82B83852240C8FBD00E82929 /* Debug */,
				82B83853240C8FBD00E82929 /* Release */,
			);
			defaultConfigurationIsVisible = 0;
			defaultConfigurationName = Release;
		};
		82B83854240C8FBD00E82929 /* Build configuration list for PBXNativeTarget "pets" */ = {
			isa = XCConfigurationList;
			buildConfigurations = (
				82B83855240C8FBD00E82929 /* Debug */,
				82B83856240C8FBD00E82929 /* Release */,
			);
			defaultConfigurationIsVisible = 0;
			defaultConfigurationName = Release;
		};
		82B83857240C8FBD00E82929 /* Build configuration list for PBXNativeTarget "petsTests" */ = {
			isa = XCConfigurationList;
			buildConfigurations = (
				82B83858240C8FBD00E82929 /* Debug */,
				82B83859240C8FBD00E82929 /* Release */,
			);
			defaultConfigurationIsVisible = 0;
			defaultConfigurationName = Release;
		};
/* End XCConfigurationList section */

/* Begin XCVersionGroup section */
		82B83862240C918E00E82929 /* Pets.xcdatamodeld */ = {
			isa = XCVersionGroup;
			children = (
				82B83863240C918E00E82929 /* Pets.xcdatamodel */,
			);
			currentVersion = 82B83863240C918E00E82929 /* Pets.xcdatamodel */;
			path = Pets.xcdatamodeld;
			sourceTree = "<group>";
			versionGroupType = wrapper.xcdatamodel;
		};
/* End XCVersionGroup section */
	};
	rootObject = 82B8382D240C8FB900E82929 /* Project object */;
}
